# This file is automatically @generated by Poetry 1.7.1 and should not be changed by hand.

[[package]]
name = "apscheduler"
version = "3.10.4"
description = "In-process task scheduler with Cron-like capabilities"
optional = false
python-versions = ">=3.6"
files = [
    {file = "APScheduler-3.10.4-py3-none-any.whl", hash = "sha256:fb91e8a768632a4756a585f79ec834e0e27aad5860bac7eaa523d9ccefd87661"},
    {file = "APScheduler-3.10.4.tar.gz", hash = "sha256:e6df071b27d9be898e486bc7940a7be50b4af2e9da7c08f0744a96d4bd4cef4a"},
]

[package.dependencies]
pytz = "*"
six = ">=1.4.0"
tzlocal = ">=2.0,<3.dev0 || >=4.dev0"

[package.extras]
doc = ["sphinx", "sphinx-rtd-theme"]
gevent = ["gevent"]
mongodb = ["pymongo (>=3.0)"]
redis = ["redis (>=3.0)"]
rethinkdb = ["rethinkdb (>=2.4.0)"]
sqlalchemy = ["sqlalchemy (>=1.4)"]
testing = ["pytest", "pytest-asyncio", "pytest-cov", "pytest-tornado5"]
tornado = ["tornado (>=4.3)"]
twisted = ["twisted"]
zookeeper = ["kazoo"]

[[package]]
name = "asgiref"
version = "3.7.2"
description = "ASGI specs, helper code, and adapters"
optional = false
python-versions = ">=3.7"
files = [
    {file = "asgiref-3.7.2-py3-none-any.whl", hash = "sha256:89b2ef2247e3b562a16eef663bc0e2e703ec6468e2fa8a5cd61cd449786d4f6e"},
    {file = "asgiref-3.7.2.tar.gz", hash = "sha256:9e0ce3aa93a819ba5b45120216b23878cf6e8525eb3848653452b4192b92afed"},
]

[package.extras]
tests = ["mypy (>=0.800)", "pytest", "pytest-asyncio"]

[[package]]
name = "django"
version = "5.0.1"
description = "A high-level Python web framework that encourages rapid development and clean, pragmatic design."
optional = false
python-versions = ">=3.10"
files = [
    {file = "Django-5.0.1-py3-none-any.whl", hash = "sha256:f47a37a90b9bbe2c8ec360235192c7fddfdc832206fcf618bb849b39256affc1"},
    {file = "Django-5.0.1.tar.gz", hash = "sha256:8c8659665bc6e3a44fefe1ab0a291e5a3fb3979f9a8230be29de975e57e8f854"},
]

[package.dependencies]
asgiref = ">=3.7.0,<4"
sqlparse = ">=0.3.1"
tzdata = {version = "*", markers = "sys_platform == \"win32\""}

[package.extras]
argon2 = ["argon2-cffi (>=19.1.0)"]
bcrypt = ["bcrypt"]

[[package]]
name = "django-apscheduler"
version = "0.6.2"
description = "APScheduler for Django"
optional = false
python-versions = "*"
files = [
    {file = "django-apscheduler-0.6.2.tar.gz", hash = "sha256:60ced2c07b531b0477076dfef2d6de4790a983a4bbd75fae5e387ac360e9c8fd"},
    {file = "django_apscheduler-0.6.2-py3-none-any.whl", hash = "sha256:d30a05be98e01c12aa50d0a7afd8d0fd529c874d1c75af20891b6417d2f36475"},
]

[package.dependencies]
apscheduler = ">=3.2,<4.0"
django = ">=3.2"

[[package]]
name = "django-environ"
version = "0.11.2"
description = "A package that allows you to utilize 12factor inspired environment variables to configure your Django application."
optional = false
python-versions = ">=3.6,<4"
files = [
    {file = "django-environ-0.11.2.tar.gz", hash = "sha256:f32a87aa0899894c27d4e1776fa6b477e8164ed7f6b3e410a62a6d72caaf64be"},
    {file = "django_environ-0.11.2-py2.py3-none-any.whl", hash = "sha256:0ff95ab4344bfeff693836aa978e6840abef2e2f1145adff7735892711590c05"},
]

[package.extras]
develop = ["coverage[toml] (>=5.0a4)", "furo (>=2021.8.17b43,<2021.9.dev0)", "pytest (>=4.6.11)", "sphinx (>=3.5.0)", "sphinx-notfound-page"]
docs = ["furo (>=2021.8.17b43,<2021.9.dev0)", "sphinx (>=3.5.0)", "sphinx-notfound-page"]
testing = ["coverage[toml] (>=5.0a4)", "pytest (>=4.6.11)"]

[[package]]
name = "feedparser"
version = "6.0.11"
description = "Universal feed parser, handles RSS 0.9x, RSS 1.0, RSS 2.0, CDF, Atom 0.3, and Atom 1.0 feeds"
optional = false
python-versions = ">=3.6"
files = [
    {file = "feedparser-6.0.11-py3-none-any.whl", hash = "sha256:0be7ee7b395572b19ebeb1d6aafb0028dee11169f1c934e0ed67d54992f4ad45"},
    {file = "feedparser-6.0.11.tar.gz", hash = "sha256:c9d0407b64c6f2a065d0ebb292c2b35c01050cc0dc33757461aaabdc4c4184d5"},
]

[package.dependencies]
sgmllib3k = "*"

[[package]]
name = "python-dateutil"
version = "2.8.2"
description = "Extensions to the standard Python datetime module"
optional = false
python-versions = "!=3.0.*,!=3.1.*,!=3.2.*,>=2.7"
files = [
    {file = "python-dateutil-2.8.2.tar.gz", hash = "sha256:0123cacc1627ae19ddf3c27a5de5bd67ee4586fbdd6440d9748f8abb483d3e86"},
    {file = "python_dateutil-2.8.2-py2.py3-none-any.whl", hash = "sha256:961d03dc3453ebbc59dbdea9e4e11c5651520a876d0f4db161e8674aae935da9"},
]

[package.dependencies]
six = ">=1.5"

[[package]]
name = "pytz"
version = "2023.3.post1"
description = "World timezone definitions, modern and historical"
optional = false
python-versions = "*"
files = [
    {file = "pytz-2023.3.post1-py2.py3-none-any.whl", hash = "sha256:ce42d816b81b68506614c11e8937d3aa9e41007ceb50bfdcb0749b921bf646c7"},
    {file = "pytz-2023.3.post1.tar.gz", hash = "sha256:7b4fddbeb94a1eba4b557da24f19fdf9db575192544270a9101d8509f9f43d7b"},
]

[[package]]
name = "sgmllib3k"
version = "1.0.0"
description = "Py3k port of sgmllib."
optional = false
python-versions = "*"
files = [
    {file = "sgmllib3k-1.0.0.tar.gz", hash = "sha256:7868fb1c8bfa764c1ac563d3cf369c381d1325d36124933a726f29fcdaa812e9"},
]

[[package]]
name = "six"
version = "1.16.0"
description = "Python 2 and 3 compatibility utilities"
optional = false
python-versions = ">=2.7, !=3.0.*, !=3.1.*, !=3.2.*"
files = [
    {file = "six-1.16.0-py2.py3-none-any.whl", hash = "sha256:8abb2f1d86890a2dfb989f9a77cfcfd3e47c2a354b01111771326f8aa26e0254"},
    {file = "six-1.16.0.tar.gz", hash = "sha256:1e61c37477a1626458e36f7b1d82aa5c9b094fa4802892072e49de9c60c4c926"},
]

[[package]]
name = "sqlparse"
version = "0.4.4"
description = "A non-validating SQL parser."
optional = false
python-versions = ">=3.5"
files = [
    {file = "sqlparse-0.4.4-py3-none-any.whl", hash = "sha256:5430a4fe2ac7d0f93e66f1efc6e1338a41884b7ddf2a350cedd20ccc4d9d28f3"},
    {file = "sqlparse-0.4.4.tar.gz", hash = "sha256:d446183e84b8349fa3061f0fe7f06ca94ba65b426946ffebe6e3e8295332420c"},
]

[package.extras]
dev = ["build", "flake8"]
doc = ["sphinx"]
test = ["pytest", "pytest-cov"]

[[package]]
name = "tzdata"
version = "2023.4"
description = "Provider of IANA time zone data"
optional = false
python-versions = ">=2"
files = [
    {file = "tzdata-2023.4-py2.py3-none-any.whl", hash = "sha256:aa3ace4329eeacda5b7beb7ea08ece826c28d761cda36e747cfbf97996d39bf3"},
    {file = "tzdata-2023.4.tar.gz", hash = "sha256:dd54c94f294765522c77399649b4fefd95522479a664a0cec87f41bebc6148c9"},
]

[[package]]
name = "tzlocal"
version = "5.2"
description = "tzinfo object for the local timezone"
optional = false
python-versions = ">=3.8"
files = [
    {file = "tzlocal-5.2-py3-none-any.whl", hash = "sha256:49816ef2fe65ea8ac19d19aa7a1ae0551c834303d5014c6d5a62e4cbda8047b8"},
    {file = "tzlocal-5.2.tar.gz", hash = "sha256:8d399205578f1a9342816409cc1e46a93ebd5755e39ea2d85334bea911bf0e6e"},
]

[package.dependencies]
tzdata = {version = "*", markers = "platform_system == \"Windows\""}

[package.extras]
devenv = ["check-manifest", "pytest (>=4.3)", "pytest-cov", "pytest-mock (>=3.3)", "zest.releaser"]

[metadata]
lock-version = "2.0"
python-versions = "^3.11"
content-hash = "a4aaaab6352d746cb006e5f72fc17da41e224a139c4878b7b30f43b372772f45"
